
Microsoft Visual Studio Solution File, Format Version 12.00
# Visual Studio 15
VisualStudioVersion = 15.0.26621.2
MinimumVisualStudioVersion = 10.0.40219.1
Project("{FAE04EC0-301F-11D3-BF4B-00C04F79EFBC}") = "SpanTests", "SpanTests\SpanTests.csproj", "{567BF785-9374-4846-9863-C6BBCEEAE330}"
EndProject
Global
	GlobalSection(SolutionConfigurationPlatforms) = preSolution
		Debug|Any CPU = Debug|Any CPU
		Release|Any CPU = Release|Any CPU
	EndGlobalSection
	GlobalSection(ProjectConfigurationPlatforms) = postSolution
		{567BF785-9374-4846-9863-C6BBCEEAE330}.Debug|Any CPU.ActiveCfg = Debug|Any CPU
		{567BF785-9374-4846-9863-C6BBCEEAE330}.Debug|Any CPU.Build.0 = Debug|Any CPU
		{567BF785-9374-4846-9863-C6BBCEEAE330}.Release|Any CPU.ActiveCfg = Release|Any CPU
		{567BF785-9374-4846-9863-C6BBCEEAE330}.Release|Any CPU.Build.0 = Release|Any CPU
	EndGlobalSection
	GlobalSection(SolutionProperties) = preSolution
		HideSolutionNode = FALSE
	EndGlobalSection
	GlobalSection(ExtensibilityGlobals) = postSolution
		SolutionGuid = {68A6180C-300A-4581-A75C-1D27DC639EFB}
	EndGlobalSection
EndGlobal
